// !$*UTF8*$!
{
	archiveVersion = 1;
	classes = {
	};
	objectVersion = 50;
	objects = {

/* Begin PBXBuildFile section */
		B23BEA7D21F79C830020AC1E /* AppDelegate.m in Sources */ = {isa = PBXBuildFile; fileRef = B23BEA7C21F79C830020AC1E /* AppDelegate.m */; };
		B23BEA8021F79C830020AC1E /* ViewController.m in Sources */ = {isa = PBXBuildFile; fileRef = B23BEA7F21F79C830020AC1E /* ViewController.m */; };
		B23BEA8321F79C830020AC1E /* Main.storyboard in Resources */ = {isa = PBXBuildFile; fileRef = B23BEA8121F79C830020AC1E /* Main.storyboard */; };
		B23BEA8521F79C840020AC1E /* Assets.xcassets in Resources */ = {isa = PBXBuildFile; fileRef = B23BEA8421F79C840020AC1E /* Assets.xcassets */; };
		B23BEA8821F79C840020AC1E /* LaunchScreen.storyboard in Resources */ = {isa = PBXBuildFile; fileRef = B23BEA8621F79C840020AC1E /* LaunchScreen.storyboard */; };
		B23BEA8B21F79C840020AC1E /* main.m in Sources */ = {isa = PBXBuildFile; fileRef = B23BEA8A21F79C840020AC1E /* main.m */; };
		B23BEA9521F79C840020AC1E /* ToDoListTests.m in Sources */ = {isa = PBXBuildFile; fileRef = B23BEA9421F79C840020AC1E /* ToDoListTests.m */; };
		B23BEAA021F79C840020AC1E /* ToDoListUITests.m in Sources */ = {isa = PBXBuildFile; fileRef = B23BEA9F21F79C840020AC1E /* ToDoListUITests.m */; };
/* End PBXBuildFile section */

/* Begin PBXContainerItemProxy section */
		B23BEA9121F79C840020AC1E /* PBXContainerItemProxy */ = {
			isa = PBXContainerItemProxy;
			containerPortal = B23BEA7021F79C830020AC1E /* Project object */;
			proxyType = 1;
			remoteGlobalIDString = B23BEA7721F79C830020AC1E;
			remoteInfo = ToDoList;
		};
		B23BEA9C21F79C840020AC1E /* PBXContainerItemProxy */ = {
			isa = PBXContainerItemProxy;
			containerPortal = B23BEA7021F79C830020AC1E /* Project object */;
			proxyType = 1;
			remoteGlobalIDString = B23BEA7721F79C830020AC1E;
			remoteInfo = ToDoList;
		};
/* End PBXContainerItemProxy section */

/* Begin PBXFileReference section */
		B23BEA7821F79C830020AC1E /* ToDoList.app */ = {isa = PBXFileReference; explicitFileType = wrapper.application; includeInIndex = 0; path = ToDoList.app; sourceTree = BUILT_PRODUCTS_DIR; };
		B23BEA7B21F79C830020AC1E /* AppDelegate.h */ = {isa = PBXFileReference; lastKnownFileType = sourcecode.c.h; path = AppDelegate.h; sourceTree = "<group>"; };
		B23BEA7C21F79C830020AC1E /* AppDelegate.m */ = {isa = PBXFileReference; lastKnownFileType = sourcecode.c.objc; path = AppDelegate.m; sourceTree = "<group>"; };
		B23BEA7E21F79C830020AC1E /* ViewController.h */ = {isa = PBXFileReference; lastKnownFileType = sourcecode.c.h; path = ViewController.h; sourceTree = "<group>"; };
		B23BEA7F21F79C830020AC1E /* ViewController.m */ = {isa = PBXFileReference; lastKnownFileType = sourcecode.c.objc; path = ViewController.m; sourceTree = "<group>"; };
		B23BEA8221F79C830020AC1E /* Base */ = {isa = PBXFileReference; lastKnownFileType = file.storyboard; name = Base; path = Base.lproj/Main.storyboard; sourceTree = "<group>"; };
		B23BEA8421F79C840020AC1E /* Assets.xcassets */ = {isa = PBXFileReference; lastKnownFileType = folder.assetcatalog; path = Assets.xcassets; sourceTree = "<group>"; };
		B23BEA8721F79C840020AC1E /* Base */ = {isa = PBXFileReference; lastKnownFileType = file.storyboard; name = Base; path = Base.lproj/LaunchScreen.storyboard; sourceTree = "<group>"; };
		B23BEA8921F79C840020AC1E /* Info.plist */ = {isa = PBXFileReference; lastKnownFileType = text.plist.xml; path = Info.plist; sourceTree = "<group>"; };
		B23BEA8A21F79C840020AC1E /* main.m */ = {isa = PBXFileReference; lastKnownFileType = sourcecode.c.objc; path = main.m; sourceTree = "<group>"; };
		B23BEA9021F79C840020AC1E /* ToDoListTests.xctest */ = {isa = PBXFileReference; explicitFileType = wrapper.cfbundle; includeInIndex = 0; path = ToDoListTests.xctest; sourceTree = BUILT_PRODUCTS_DIR; };
		B23BEA9421F79C840020AC1E /* ToDoListTests.m */ = {isa = PBXFileReference; lastKnownFileType = sourcecode.c.objc; path = ToDoListTests.m; sourceTree = "<group>"; };
		B23BEA9621F79C840020AC1E /* Info.plist */ = {isa = PBXFileReference; lastKnownFileType = text.plist.xml; path = Info.plist; sourceTree = "<group>"; };
		B23BEA9B21F79C840020AC1E /* ToDoListUITests.xctest */ = {isa = PBXFileReference; explicitFileType = wrapper.cfbundle; includeInIndex = 0; path = ToDoListUITests.xctest; sourceTree = BUILT_PRODUCTS_DIR; };
		B23BEA9F21F79C840020AC1E /* ToDoListUITests.m */ = {isa = PBXFileReference; lastKnownFileType = sourcecode.c.objc; path = ToDoListUITests.m; sourceTree = "<group>"; };
		B23BEAA121F79C840020AC1E /* Info.plist */ = {isa = PBXFileReference; lastKnownFileType = text.plist.xml; path = Info.plist; sourceTree = "<group>"; };
/* End PBXFileReference section */

/* Begin PBXFrameworksBuildPhase section */
		B23BEA7521F79C830020AC1E /* Frameworks */ = {
			isa = PBXFrameworksBuildPhase;
			buildActionMask = 2147483647;
			files = (
			);
			runOnlyForDeploymentPostprocessing = 0;
		};
		B23BEA8D21F79C840020AC1E /* Frameworks */ = {
			isa = PBXFrameworksBuildPhase;
			buildActionMask = 2147483647;
			files = (
			);
			runOnlyForDeploymentPostprocessing = 0;
		};
		B23BEA9821F79C840020AC1E /* Frameworks */ = {
			isa = PBXFrameworksBuildPhase;
			buildActionMask = 2147483647;
			files = (
			);
			runOnlyForDeploymentPostprocessing = 0;
		};
/* End PBXFrameworksBuildPhase section */

/* Begin PBXGroup section */
		B23BEA6F21F79C830020AC1E = {
			isa = PBXGroup;
			children = (
				B23BEA7A21F79C830020AC1E /* ToDoList */,
				B23BEA9321F79C840020AC1E /* ToDoListTests */,
				B23BEA9E21F79C840020AC1E /* ToDoListUITests */,
				B23BEA7921F79C830020AC1E /* Products */,
			);
			sourceTree = "<group>";
		};
		B23BEA7921F79C830020AC1E /* Products */ = {
			isa = PBXGroup;
			children = (
				B23BEA7821F79C830020AC1E /* ToDoList.app */,
				B23BEA9021F79C840020AC1E /* ToDoListTests.xctest */,
				B23BEA9B21F79C840020AC1E /* ToDoListUITests.xctest */,
			);
			name = Products;
			sourceTree = "<group>";
		};
		B23BEA7A21F79C830020AC1E /* ToDoList */ = {
			isa = PBXGroup;
			children = (
				B23BEA7B21F79C830020AC1E /* AppDelegate.h */,
				B23BEA7C21F79C830020AC1E /* AppDelegate.m */,
				B23BEA7E21F79C830020AC1E /* ViewController.h */,
				B23BEA7F21F79C830020AC1E /* ViewController.m */,
				B23BEA8121F79C830020AC1E /* Main.storyboard */,
				B23BEA8421F79C840020AC1E /* Assets.xcassets */,
				B23BEA8621F79C840020AC1E /* LaunchScreen.storyboard */,
				B23BEA8921F79C840020AC1E /* Info.plist */,
				B23BEA8A21F79C840020AC1E /* main.m */,
			);
			path = ToDoList;
			sourceTree = "<group>";
		};
		B23BEA9321F79C840020AC1E /* ToDoListTests */ = {
			isa = PBXGroup;
			children = (
				B23BEA9421F79C840020AC1E /* ToDoListTests.m */,
				B23BEA9621F79C840020AC1E /* Info.plist */,
			);
			path = ToDoListTests;
			sourceTree = "<group>";
		};
		B23BEA9E21F79C840020AC1E /* ToDoListUITests */ = {
			isa = PBXGroup;
			children = (
				B23BEA9F21F79C840020AC1E /* ToDoListUITests.m */,
				B23BEAA121F79C840020AC1E /* Info.plist */,
			);
			path = ToDoListUITests;
			sourceTree = "<group>";
		};
/* End PBXGroup section */

/* Begin PBXNativeTarget section */
		B23BEA7721F79C830020AC1E /* ToDoList */ = {
			isa = PBXNativeTarget;
			buildConfigurationList = B23BEAA421F79C840020AC1E /* Build configuration list for PBXNativeTarget "ToDoList" */;
			buildPhases = (
				B23BEA7421F79C830020AC1E /* Sources */,
				B23BEA7521F79C830020AC1E /* Frameworks */,
				B23BEA7621F79C830020AC1E /* Resources */,
			);
			buildRules = (
			);
			dependencies = (
			);
			name = ToDoList;
			productName = ToDoList;
			productReference = B23BEA7821F79C830020AC1E /* ToDoList.app */;
			productType = "com.apple.product-type.application";
		};
		B23BEA8F21F79C840020AC1E /* ToDoListTests */ = {
			isa = PBXNativeTarget;
			buildConfigurationList = B23BEAA721F79C840020AC1E /* Build configuration list for PBXNativeTarget "ToDoListTests" */;
			buildPhases = (
				B23BEA8C21F79C840020AC1E /* Sources */,
				B23BEA8D21F79C840020AC1E /* Frameworks */,
				B23BEA8E21F79C840020AC1E /* Resources */,
			);
			buildRules = (
			);
			dependencies = (
				B23BEA9221F79C840020AC1E /* PBXTargetDependency */,
			);
			name = ToDoListTests;
			productName = ToDoListTests;
			productReference = B23BEA9021F79C840020AC1E /* ToDoListTests.xctest */;
			productType = "com.apple.product-type.bundle.unit-test";
		};
		B23BEA9A21F79C840020AC1E /* ToDoListUITests */ = {
			isa = PBXNativeTarget;
			buildConfigurationList = B23BEAAA21F79C840020AC1E /* Build configuration list for PBXNativeTarget "ToDoListUITests" */;
			buildPhases = (
				B23BEA9721F79C840020AC1E /* Sources */,
				B23BEA9821F79C840020AC1E /* Frameworks */,
				B23BEA9921F79C840020AC1E /* Resources */,
			);
			buildRules = (
			);
			dependencies = (
				B23BEA9D21F79C840020AC1E /* PBXTargetDependency */,
			);
			name = ToDoListUITests;
			productName = ToDoListUITests;
			productReference = B23BEA9B21F79C840020AC1E /* ToDoListUITests.xctest */;
			productType = "com.apple.product-type.bundle.ui-testing";
		};
/* End PBXNativeTarget section */

/* Begin PBXProject section */
		B23BEA7021F79C830020AC1E /* Project object */ = {
			isa = PBXProject;
			attributes = {
				LastUpgradeCheck = 1010;
				ORGANIZATIONNAME = "Jenny Chang";
				TargetAttributes = {
					B23BEA7721F79C830020AC1E = {
						CreatedOnToolsVersion = 10.1;
					};
					B23BEA8F21F79C840020AC1E = {
						CreatedOnToolsVersion = 10.1;
						TestTargetID = B23BEA7721F79C830020AC1E;
					};
					B23BEA9A21F79C840020AC1E = {
						CreatedOnToolsVersion = 10.1;
						TestTargetID = B23BEA7721F79C830020AC1E;
					};
				};
			};
			buildConfigurationList = B23BEA7321F79C830020AC1E /* Build configuration list for PBXProject "ToDoList" */;
			compatibilityVersion = "Xcode 9.3";
			developmentRegion = en;
			hasScannedForEncodings = 0;
			knownRegions = (
				en,
				Base,
			);
			mainGroup = B23BEA6F21F79C830020AC1E;
			productRefGroup = B23BEA7921F79C830020AC1E /* Products */;
			projectDirPath = "";
			projectRoot = "";
			targets = (
				B23BEA7721F79C830020AC1E /* ToDoList */,
				B23BEA8F21F79C840020AC1E /* ToDoListTests */,
				B23BEA9A21F79C840020AC1E /* ToDoListUITests */,
			);
		};
/* End PBXProject section */

/* Begin PBXResourcesBuildPhase section */
		B23BEA7621F79C830020AC1E /* Resources */ = {
			isa = PBXResourcesBuildPhase;
			buildActionMask = 2147483647;
			files = (
				B23BEA8821F79C840020AC1E /* LaunchScreen.storyboard in Resources */,
				B23BEA8521F79C840020AC1E /* Assets.xcassets in Resources */,
				B23BEA8321F79C830020AC1E /* Main.storyboard in Resources */,
			);
			runOnlyForDeploymentPostprocessing = 0;
		};
		B23BEA8E21F79C840020AC1E /* Resources */ = {
			isa = PBXResourcesBuildPhase;
			buildActionMask = 2147483647;
			files = (
			);
			runOnlyForDeploymentPostprocessing = 0;
		};
		B23BEA9921F79C840020AC1E /* Resources */ = {
			isa = PBXResourcesBuildPhase;
			buildActionMask = 2147483647;
			files = (
			);
			runOnlyForDeploymentPostprocessing = 0;
		};
/* End PBXResourcesBuildPhase section */

/* Begin PBXSourcesBuildPhase section */
		B23BEA7421F79C830020AC1E /* Sources */ = {
			isa = PBXSourcesBuildPhase;
			buildActionMask = 2147483647;
			files = (
				B23BEA8021F79C830020AC1E /* ViewController.m in Sources */,
				B23BEA8B21F79C840020AC1E /* main.m in Sources */,
				B23BEA7D21F79C830020AC1E /* AppDelegate.m in Sources */,
			);
			runOnlyForDeploymentPostprocessing = 0;
		};
		B23BEA8C21F79C840020AC1E /* Sources */ = {
			isa = PBXSourcesBuildPhase;
			buildActionMask = 2147483647;
			files = (
				B23BEA9521F79C840020AC1E /* ToDoListTests.m in Sources */,
			);
			runOnlyForDeploymentPostprocessing = 0;
		};
		B23BEA9721F79C840020AC1E /* Sources */ = {
			isa = PBXSourcesBuildPhase;
			buildActionMask = 2147483647;
			files = (
				B23BEAA021F79C840020AC1E /* ToDoListUITests.m in Sources */,
			);
			runOnlyForDeploymentPostprocessing = 0;
		};
/* End PBXSourcesBuildPhase section */

/* Begin PBXTargetDependency section */
		B23BEA9221F79C840020AC1E /* PBXTargetDependency */ = {
			isa = PBXTargetDependency;
			target = B23BEA7721F79C830020AC1E /* ToDoList */;
			targetProxy = B23BEA9121F79C840020AC1E /* PBXContainerItemProxy */;
		};
		B23BEA9D21F79C840020AC1E /* PBXTargetDependency */ = {
			isa = PBXTargetDependency;
			target = B23BEA7721F79C830020AC1E /* ToDoList */;
			targetProxy = B23BEA9C21F79C840020AC1E /* PBXContainerItemProxy */;
		};
/* End PBXTargetDependency section */

/* Begin PBXVariantGroup section */
		B23BEA8121F79C830020AC1E /* Main.storyboard */ = {
			isa = PBXVariantGroup;
			children = (
				B23BEA8221F79C830020AC1E /* Base */,
			);
			name = Main.storyboard;
			sourceTree = "<group>";
		};
		B23BEA8621F79C840020AC1E /* LaunchScreen.storyboard */ = {
			isa = PBXVariantGroup;
			children = (
				B23BEA8721F79C840020AC1E /* Base */,
			);
			name = LaunchScreen.storyboard;
			sourceTree = "<group>";
		};
/* End PBXVariantGroup section */

/* Begin XCBuildConfiguration section */
		B23BEAA221F79C840020AC1E /* Debug */ = {
			isa = XCBuildConfiguration;
			buildSettings = {
				ALWAYS_SEARCH_USER_PATHS = NO;
				CLANG_ANALYZER_NONNULL = YES;
				CLANG_ANALYZER_NUMBER_OBJECT_CONVERSION = YES_AGGRESSIVE;
				CLANG_CXX_LANGUAGE_STANDARD = "gnu++14";
				CLANG_CXX_LIBRARY = "libc++";
				CLANG_ENABLE_MODULES = YES;
				CLANG_ENABLE_OBJC_ARC = YES;
				CLANG_ENABLE_OBJC_WEAK = YES;
				CLANG_WARN_BLOCK_CAPTURE_AUTORELEASING = YES;
				CLANG_WARN_BOOL_CONVERSION = YES;
				CLANG_WARN_COMMA = YES;
				CLANG_WARN_CONSTANT_CONVERSION = YES;
				CLANG_WARN_DEPRECATED_OBJC_IMPLEMENTATIONS = YES;
				CLANG_WARN_DIRECT_OBJC_ISA_USAGE = YES_ERROR;
				CLANG_WARN_DOCUMENTATION_COMMENTS = YES;
				CLANG_WARN_EMPTY_BODY = YES;
				CLANG_WARN_ENUM_CONVERSION = YES;
				CLANG_WARN_INFINITE_RECURSION = YES;
				CLANG_WARN_INT_CONVERSION = YES;
				CLANG_WARN_NON_LITERAL_NULL_CONVERSION = YES;
				CLANG_WARN_OBJC_IMPLICIT_RETAIN_SELF = YES;
				CLANG_WARN_OBJC_LITERAL_CONVERSION = YES;
				CLANG_WARN_OBJC_ROOT_CLASS = YES_ERROR;
				CLANG_WARN_RANGE_LOOP_ANALYSIS = YES;
				CLANG_WARN_STRICT_PROTOTYPES = YES;
				CLANG_WARN_SUSPICIOUS_MOVE = YES;
				CLANG_WARN_UNGUARDED_AVAILABILITY = YES_AGGRESSIVE;
				CLANG_WARN_UNREACHABLE_CODE = YES;
				CLANG_WARN__DUPLICATE_METHOD_MATCH = YES;
				CODE_SIGN_IDENTITY = "iPhone Developer";
				COPY_PHASE_STRIP = NO;
				DEBUG_INFORMATION_FORMAT = dwarf;
				ENABLE_STRICT_OBJC_MSGSEND = YES;
				ENABLE_TESTABILITY = YES;
				GCC_C_LANGUAGE_STANDARD = gnu11;
				GCC_DYNAMIC_NO_PIC = NO;
				GCC_NO_COMMON_BLOCKS = YES;
				GCC_OPTIMIZATION_LEVEL = 0;
				GCC_PREPROCESSOR_DEFINITIONS = (
					"DEBUG=1",
					"$(inherited)",
				);
				GCC_WARN_64_TO_32_BIT_CONVERSION = YES;
				GCC_WARN_ABOUT_RETURN_TYPE = YES_ERROR;
				GCC_WARN_UNDECLARED_SELECTOR = YES;
				GCC_WARN_UNINITIALIZED_AUTOS = YES_AGGRESSIVE;
				GCC_WARN_UNUSED_FUNCTION = YES;
				GCC_WARN_UNUSED_VARIABLE = YES;
				IPHONEOS_DEPLOYMENT_TARGET = 12.1;
				MTL_ENABLE_DEBUG_INFO = INCLUDE_SOURCE;
				MTL_FAST_MATH = YES;
				ONLY_ACTIVE_ARCH = YES;
				SDKROOT = iphoneos;
			};
			name = Debug;
		};
		B23BEAA321F79C840020AC1E /* Release */ = {
			isa = XCBuildConfiguration;
			buildSettings = {
				ALWAYS_SEARCH_USER_PATHS = NO;
				CLANG_ANALYZER_NONNULL = YES;
				CLANG_ANALYZER_NUMBER_OBJECT_CONVERSION = YES_AGGRESSIVE;
				CLANG_CXX_LANGUAGE_STANDARD = "gnu++14";
				CLANG_CXX_LIBRARY = "libc++";
				CLANG_ENABLE_MODULES = YES;
				CLANG_ENABLE_OBJC_ARC = YES;
				CLANG_ENABLE_OBJC_WEAK = YES;
				CLANG_WARN_BLOCK_CAPTURE_AUTORELEASING = YES;
				CLANG_WARN_BOOL_CONVERSION = YES;
				CLANG_WARN_COMMA = YES;
				CLANG_WARN_CONSTANT_CONVERSION = YES;
				CLANG_WARN_DEPRECATED_OBJC_IMPLEMENTATIONS = YES;
				CLANG_WARN_DIRECT_OBJC_ISA_USAGE = YES_ERROR;
				CLANG_WARN_DOCUMENTATION_COMMENTS = YES;
				CLANG_WARN_EMPTY_BODY = YES;
				CLANG_WARN_ENUM_CONVERSION = YES;
				CLANG_WARN_INFINITE_RECURSION = YES;
				CLANG_WARN_INT_CONVERSION = YES;
				CLANG_WARN_NON_LITERAL_NULL_CONVERSION = YES;
				CLANG_WARN_OBJC_IMPLICIT_RETAIN_SELF = YES;
				CLANG_WARN_OBJC_LITERAL_CONVERSION = YES;
				CLANG_WARN_OBJC_ROOT_CLASS = YES_ERROR;
				CLANG_WARN_RANGE_LOOP_ANALYSIS = YES;
				CLANG_WARN_STRICT_PROTOTYPES = YES;
				CLANG_WARN_SUSPICIOUS_MOVE = YES;
				CLANG_WARN_UNGUARDED_AVAILABILITY = YES_AGGRESSIVE;
				CLANG_WARN_UNREACHABLE_CODE = YES;
				CLANG_WARN__DUPLICATE_METHOD_MATCH = YES;
				CODE_SIGN_IDENTITY = "iPhone Developer";
				COPY_PHASE_STRIP = NO;
				DEBUG_INFORMATION_FORMAT = "dwarf-with-dsym";
				ENABLE_NS_ASSERTIONS = NO;
				ENABLE_STRICT_OBJC_MSGSEND = YES;
				GCC_C_LANGUAGE_STANDARD = gnu11;
				GCC_NO_COMMON_BLOCKS = YES;
				GCC_WARN_64_TO_32_BIT_CONVERSION = YES;
				GCC_WARN_ABOUT_RETURN_TYPE = YES_ERROR;
				GCC_WARN_UNDECLARED_SELECTOR = YES;
				GCC_WARN_UNINITIALIZED_AUTOS = YES_AGGRESSIVE;
				GCC_WARN_UNUSED_FUNCTION = YES;
				GCC_WARN_UNUSED_VARIABLE = YES;
				IPHONEOS_DEPLOYMENT_TARGET = 12.1;
				MTL_ENABLE_DEBUG_INFO = NO;
				MTL_FAST_MATH = YES;
				SDKROOT = iphoneos;
				VALIDATE_PRODUCT = YES;
			};
			name = Release;
		};
		B23BEAA521F79C840020AC1E /* Debug */ = {
			isa = XCBuildConfiguration;
			buildSettings = {
				ASSETCATALOG_COMPILER_APPICON_NAME = AppIcon;
				CODE_SIGN_STYLE = Automatic;
				INFOPLIST_FILE = ToDoList/Info.plist;
				LD_RUNPATH_SEARCH_PATHS = (
					"$(inherited)",
					"@executable_path/Frameworks",
				);
				PRODUCT_BUNDLE_IDENTIFIER = jchang.ToDoList;
				PRODUCT_NAME = "$(TARGET_NAME)";
				TARGETED_DEVICE_FAMILY = "1,2";
			};
			name = Debug;
		};
		B23BEAA621F79C840020AC1E /* Release */ = {
			isa = XCBuildConfiguration;
			buildSettings = {
				ASSETCATALOG_COMPILER_APPICON_NAME = AppIcon;
				CODE_SIGN_STYLE = Automatic;
				INFOPLIST_FILE = ToDoList/Info.plist;
				LD_RUNPATH_SEARCH_PATHS = (
					"$(inherited)",
					"@executable_path/Frameworks",
				);
				PRODUCT_BUNDLE_IDENTIFIER = jchang.ToDoList;
				PRODUCT_NAME = "$(TARGET_NAME)";
				TARGETED_DEVICE_FAMILY = "1,2";
			};
			name = Release;
		};
		B23BEAA821F79C840020AC1E /* Debug */ = {
			isa = XCBuildConfiguration;
			buildSettings = {
				BUNDLE_LOADER = "$(TEST_HOST)";
				CODE_SIGN_STYLE = Automatic;
				INFOPLIST_FILE = ToDoListTests/Info.plist;
				LD_RUNPATH_SEARCH_PATHS = (
					"$(inherited)",
					"@executable_path/Frameworks",
					"@loader_path/Frameworks",
				);
				PRODUCT_BUNDLE_IDENTIFIER = jchang.ToDoListTests;
				PRODUCT_NAME = "$(TARGET_NAME)";
				TARGETED_DEVICE_FAMILY = "1,2";
				TEST_HOST = "$(BUILT_PRODUCTS_DIR)/ToDoList.app/ToDoList";
			};
			name = Debug;
		};
		B23BEAA921F79C840020AC1E /* Release */ = {
			isa = XCBuildConfiguration;
			buildSettings = {
				BUNDLE_LOADER = "$(TEST_HOST)";
				CODE_SIGN_STYLE = Automatic;
				INFOPLIST_FILE = ToDoListTests/Info.plist;
				LD_RUNPATH_SEARCH_PATHS = (
					"$(inherited)",
					"@executable_path/Frameworks",
					"@loader_path/Frameworks",
				);
				PRODUCT_BUNDLE_IDENTIFIER = jchang.ToDoListTests;
				PRODUCT_NAME = "$(TARGET_NAME)";
				TARGETED_DEVICE_FAMILY = "1,2";
				TEST_HOST = "$(BUILT_PRODUCTS_DIR)/ToDoList.app/ToDoList";
			};
			name = Release;
		};
		B23BEAAB21F79C840020AC1E /* Debug */ = {
			isa = XCBuildConfiguration;
			buildSettings = {
				CODE_SIGN_STYLE = Automatic;
				INFOPLIST_FILE = ToDoListUITests/Info.plist;
				LD_RUNPATH_SEARCH_PATHS = (
					"$(inherited)",
					"@executable_path/Frameworks",
					"@loader_path/Frameworks",
				);
				PRODUCT_BUNDLE_IDENTIFIER = jchang.ToDoListUITests;
				PRODUCT_NAME = "$(TARGET_NAME)";
				TARGETED_DEVICE_FAMILY = "1,2";
				TEST_TARGET_NAME = ToDoList;
			};
			name = Debug;
		};
		B23BEAAC21F79C840020AC1E /* Release */ = {
			isa = XCBuildConfiguration;
			buildSettings = {
				CODE_SIGN_STYLE = Automatic;
				INFOPLIST_FILE = ToDoListUITests/Info.plist;
				LD_RUNPATH_SEARCH_PATHS = (
					"$(inherited)",
					"@executable_path/Frameworks",
					"@loader_path/Frameworks",
				);
				PRODUCT_BUNDLE_IDENTIFIER = jchang.ToDoListUITests;
				PRODUCT_NAME = "$(TARGET_NAME)";
				TARGETED_DEVICE_FAMILY = "1,2";
				TEST_TARGET_NAME = ToDoList;
			};
			name = Release;
		};
/* End XCBuildConfiguration section */

/* Begin XCConfigurationList section */
		B23BEA7321F79C830020AC1E /* Build configuration list for PBXProject "ToDoList" */ = {
			isa = XCConfigurationList;
			buildConfigurations = (
				B23BEAA221F79C840020AC1E /* Debug */,
				B23BEAA321F79C840020AC1E /* Release */,
			);
			defaultConfigurationIsVisible = 0;
			defaultConfigurationName = Release;
		};
		B23BEAA421F79C840020AC1E /* Build configuration list for PBXNativeTarget "ToDoList" */ = {
			isa = XCConfigurationList;
			buildConfigurations = (
				B23BEAA521F79C840020AC1E /* Debug */,
				B23BEAA621F79C840020AC1E /* Release */,
			);
			defaultConfigurationIsVisible = 0;
			defaultConfigurationName = Release;
		};
		B23BEAA721F79C840020AC1E /* Build configuration list for PBXNativeTarget "ToDoListTests" */ = {
			isa = XCConfigurationList;
			buildConfigurations = (
				B23BEAA821F79C840020AC1E /* Debug */,
				B23BEAA921F79C840020AC1E /* Release */,
			);
			defaultConfigurationIsVisible = 0;
			defaultConfigurationName = Release;
		};
		B23BEAAA21F79C840020AC1E /* Build configuration list for PBXNativeTarget "ToDoListUITests" */ = {
			isa = XCConfigurationList;
			buildConfigurations = (
				B23BEAAB21F79C840020AC1E /* Debug */,
				B23BEAAC21F79C840020AC1E /* Release */,
			);
			defaultConfigurationIsVisible = 0;
			defaultConfigurationName = Release;
		};
/* End XCConfigurationList section */
	};
	rootObject = B23BEA7021F79C830020AC1E /* Project object */;
}
